
Microsoft Visual Studio Solution File, Format Version 12.00
# Visual Studio Version 17
VisualStudioVersion = 17.11.35327.3
MinimumVisualStudioVersion = 10.0.40219.1
Project("{9A19103F-16F7-4668-BE54-9A1E7A4F7556}") = "ClassExample_01", "ClassExample_01\ClassExample_01.csproj", "{650A4D03-D948-4805-85CB-D368F5D1F539}"
EndProject
Project("{9A19103F-16F7-4668-BE54-9A1E7A4F7556}") = "ClassWithConstructor_01", "ClassWithConstructor_01\ClassWithConstructor_01.csproj", "{9EB83221-22BA-4F36-B22B-1789B43D7B23}"
EndProject
Project("{9A19103F-16F7-4668-BE54-9A1E7A4F7556}") = "ClassWithMultipleMethods_01", "ClassWithMultipleMethods_01\ClassWithMultipleMethods_01.csproj", "{0D68A97F-A4E3-4A31-9601-E5677162139B}"
EndProject
Project("{9A19103F-16F7-4668-BE54-9A1E7A4F7556}") = "ClassWithProperties_01", "ClassWithProperties_01\ClassWithProperties_01.csproj", "{EDD7E37A-FC79-4866-9235-8E61A83437DC}"
EndProject
Project("{9A19103F-16F7-4668-BE54-9A1E7A4F7556}") = "ClassInheritance_01", "ClassInheritance_01\ClassInheritance_01.csproj", "{AB151F7D-5203-45B3-8559-E72E5B7DF7BE}"
EndProject
Project("{9A19103F-16F7-4668-BE54-9A1E7A4F7556}") = "BasicUsageOfNullableTypes_01", "BasicUsageOfNullableTypes_01\BasicUsageOfNullableTypes_01.csproj", "{E492C096-37A4-4FBF-8AE0-2300BC1D1798}"
EndProject
Project("{9A19103F-16F7-4668-BE54-9A1E7A4F7556}") = "UsingNull-CoalescingOperator_01", "UsingNull-CoalescingOperator_01\UsingNull-CoalescingOperator_01.csproj", "{8DA0637B-44A0-47EA-A86C-4F2559A7E35F}"
EndProject
Project("{9A19103F-16F7-4668-BE54-9A1E7A4F7556}") = "UsingGetValueOrDefault()Method_01", "UsingGetValueOrDefault()Method_01\UsingGetValueOrDefault()Method_01.csproj", "{7AFA26C0-82D2-4448-8FDC-AD85BB987E32}"
EndProject
Project("{9A19103F-16F7-4668-BE54-9A1E7A4F7556}") = "UsingNullableTypesinConditionalStatements_01", "UsingNullableTypesinConditionalStatements_01\UsingNullableTypesinConditionalStatements_01.csproj", "{9462AFD8-A5DB-48D7-B2F7-C50B5A678A1C}"
EndProject
Project("{9A19103F-16F7-4668-BE54-9A1E7A4F7556}") = "NullableTypesAndMethods_01", "NullableTypesAndMethods_01\NullableTypesAndMethods_01.csproj", "{39B18766-F5EA-4218-89B7-1039EF27198A}"
EndProject
Project("{9A19103F-16F7-4668-BE54-9A1E7A4F7556}") = "FibonacciSeries_01", "FibonacciSeries_01\FibonacciSeries_01.csproj", "{9E1DF2F7-53EC-4044-A5D9-3AA134FEAAA6}"
EndProject
Project("{9A19103F-16F7-4668-BE54-9A1E7A4F7556}") = "Inheritance -OneClassInheritingfromAnother_01", "Inheritance -OneClassInheritingfromAnother_01\Inheritance -OneClassInheritingfromAnother_01.csproj", "{D9A23823-9CEF-4B9E-91AA-40CE74D9FC8A}"
EndProject
Project("{9A19103F-16F7-4668-BE54-9A1E7A4F7556}") = "ClassWithProperties(Advanced Fields)_01", "ClassWithProperties(Advanced Fields)_01\ClassWithProperties(Advanced Fields)_01.csproj", "{38F609B0-39C1-42CD-8BC1-764AF79254E3}"
EndProject
Project("{9A19103F-16F7-4668-BE54-9A1E7A4F7556}") = "AverageInArray_01", "AverageInArray_01\AverageInArray_01.csproj", "{BB24F16B-4900-4030-B296-A9CB21E7723C}"
EndProject
Project("{9A19103F-16F7-4668-BE54-9A1E7A4F7556}") = "MinMaxArray_01", "MinMaxArray_01\MinMaxArray_01.csproj", "{C6EE0EF5-B665-432C-8C0B-2C0FAB9EF762}"
EndProject
Project("{9A19103F-16F7-4668-BE54-9A1E7A4F7556}") = "PalindromeCheck_01", "PalindromeCheck_01\PalindromeCheck_01.csproj", "{89919DD0-D0AE-47BA-9336-14B168C4E0B5}"
EndProject
Project("{2150E333-8FDC-42A3-9474-1A3956D46DE8}") = "Solution Items", "Solution Items", "{A3B28943-2DBB-417A-9C00-E3CEA04DDE9E}"
	ProjectSection(SolutionItems) = preProject
		.editorconfig = .editorconfig
	EndProjectSection
EndProject
Project("{9A19103F-16F7-4668-BE54-9A1E7A4F7556}") = "Reverse_01", "Reverse_01\Reverse_01.csproj", "{C9E7D65C-3BF3-451B-82A1-664097E036F6}"
EndProject
Project("{9A19103F-16F7-4668-BE54-9A1E7A4F7556}") = "ConditionalStatements_01", "ConditionalStatements_01\ConditionalStatements_01.csproj", "{698BBE25-71BE-4FE3-8B67-66F49B2AEF29}"
EndProject
Project("{9A19103F-16F7-4668-BE54-9A1E7A4F7556}") = "SwapNumbersWithoutThirdVariable_01", "SwapNumbersWithoutThirdVariable_01\SwapNumbersWithoutThirdVariable_01.csproj", "{DD1C9D0E-34C2-42AA-B428-BDD3AE963B58}"
EndProject
Project("{9A19103F-16F7-4668-BE54-9A1E7A4F7556}") = "SumOfDigits_01", "SumOfDigits_01\SumOfDigits_01.csproj", "{AB0723BE-9B9B-42B8-BA3A-64A9B6490A15}"
EndProject
Project("{FAE04EC0-301F-11D3-BF4B-00C04F79EFBC}") = "TraversingMultiDimensionalArray", "TraversingMultiDimensionalArray\TraversingMultiDimensionalArray.csproj", "{ED3BB969-66C8-4FDE-B17E-D5B9536799DF}"
EndProject
Project("{FAE04EC0-301F-11D3-BF4B-00C04F79EFBC}") = "UniqueCharacterOccurrences_01", "UniqueCharacterOccurrences_01\UniqueCharacterOccurrences_01.csproj", "{24CFAF65-677F-4598-AB7D-92F76404C57E}"
EndProject
Global
	GlobalSection(SolutionConfigurationPlatforms) = preSolution
		Debug|Any CPU = Debug|Any CPU
		Release|Any CPU = Release|Any CPU
	EndGlobalSection
	GlobalSection(ProjectConfigurationPlatforms) = postSolution
		{650A4D03-D948-4805-85CB-D368F5D1F539}.Debug|Any CPU.ActiveCfg = Debug|Any CPU
		{650A4D03-D948-4805-85CB-D368F5D1F539}.Debug|Any CPU.Build.0 = Debug|Any CPU
		{650A4D03-D948-4805-85CB-D368F5D1F539}.Release|Any CPU.ActiveCfg = Release|Any CPU
		{650A4D03-D948-4805-85CB-D368F5D1F539}.Release|Any CPU.Build.0 = Release|Any CPU
		{9EB83221-22BA-4F36-B22B-1789B43D7B23}.Debug|Any CPU.ActiveCfg = Debug|Any CPU
		{9EB83221-22BA-4F36-B22B-1789B43D7B23}.Debug|Any CPU.Build.0 = Debug|Any CPU
		{9EB83221-22BA-4F36-B22B-1789B43D7B23}.Release|Any CPU.ActiveCfg = Release|Any CPU
		{9EB83221-22BA-4F36-B22B-1789B43D7B23}.Release|Any CPU.Build.0 = Release|Any CPU
		{0D68A97F-A4E3-4A31-9601-E5677162139B}.Debug|Any CPU.ActiveCfg = Debug|Any CPU
		{0D68A97F-A4E3-4A31-9601-E5677162139B}.Debug|Any CPU.Build.0 = Debug|Any CPU
		{0D68A97F-A4E3-4A31-9601-E5677162139B}.Release|Any CPU.ActiveCfg = Release|Any CPU
		{0D68A97F-A4E3-4A31-9601-E5677162139B}.Release|Any CPU.Build.0 = Release|Any CPU
		{EDD7E37A-FC79-4866-9235-8E61A83437DC}.Debug|Any CPU.ActiveCfg = Debug|Any CPU
		{EDD7E37A-FC79-4866-9235-8E61A83437DC}.Debug|Any CPU.Build.0 = Debug|Any CPU
		{EDD7E37A-FC79-4866-9235-8E61A83437DC}.Release|Any CPU.ActiveCfg = Release|Any CPU
		{EDD7E37A-FC79-4866-9235-8E61A83437DC}.Release|Any CPU.Build.0 = Release|Any CPU
		{AB151F7D-5203-45B3-8559-E72E5B7DF7BE}.Debug|Any CPU.ActiveCfg = Debug|Any CPU
		{AB151F7D-5203-45B3-8559-E72E5B7DF7BE}.Debug|Any CPU.Build.0 = Debug|Any CPU
		{AB151F7D-5203-45B3-8559-E72E5B7DF7BE}.Release|Any CPU.ActiveCfg = Release|Any CPU
		{AB151F7D-5203-45B3-8559-E72E5B7DF7BE}.Release|Any CPU.Build.0 = Release|Any CPU
		{E492C096-37A4-4FBF-8AE0-2300BC1D1798}.Debug|Any CPU.ActiveCfg = Debug|Any CPU
		{E492C096-37A4-4FBF-8AE0-2300BC1D1798}.Debug|Any CPU.Build.0 = Debug|Any CPU
		{E492C096-37A4-4FBF-8AE0-2300BC1D1798}.Release|Any CPU.ActiveCfg = Release|Any CPU
		{E492C096-37A4-4FBF-8AE0-2300BC1D1798}.Release|Any CPU.Build.0 = Release|Any CPU
		{8DA0637B-44A0-47EA-A86C-4F2559A7E35F}.Debug|Any CPU.ActiveCfg = Debug|Any CPU
		{8DA0637B-44A0-47EA-A86C-4F2559A7E35F}.Debug|Any CPU.Build.0 = Debug|Any CPU
		{8DA0637B-44A0-47EA-A86C-4F2559A7E35F}.Release|Any CPU.ActiveCfg = Release|Any CPU
		{8DA0637B-44A0-47EA-A86C-4F2559A7E35F}.Release|Any CPU.Build.0 = Release|Any CPU
		{7AFA26C0-82D2-4448-8FDC-AD85BB987E32}.Debug|Any CPU.ActiveCfg = Debug|Any CPU
		{7AFA26C0-82D2-4448-8FDC-AD85BB987E32}.Debug|Any CPU.Build.0 = Debug|Any CPU
		{7AFA26C0-82D2-4448-8FDC-AD85BB987E32}.Release|Any CPU.ActiveCfg = Release|Any CPU
		{7AFA26C0-82D2-4448-8FDC-AD85BB987E32}.Release|Any CPU.Build.0 = Release|Any CPU
		{9462AFD8-A5DB-48D7-B2F7-C50B5A678A1C}.Debug|Any CPU.ActiveCfg = Debug|Any CPU
		{9462AFD8-A5DB-48D7-B2F7-C50B5A678A1C}.Debug|Any CPU.Build.0 = Debug|Any CPU
		{9462AFD8-A5DB-48D7-B2F7-C50B5A678A1C}.Release|Any CPU.ActiveCfg = Release|Any CPU
		{9462AFD8-A5DB-48D7-B2F7-C50B5A678A1C}.Release|Any CPU.Build.0 = Release|Any CPU
		{39B18766-F5EA-4218-89B7-1039EF27198A}.Debug|Any CPU.ActiveCfg = Debug|Any CPU
		{39B18766-F5EA-4218-89B7-1039EF27198A}.Debug|Any CPU.Build.0 = Debug|Any CPU
		{39B18766-F5EA-4218-89B7-1039EF27198A}.Release|Any CPU.ActiveCfg = Release|Any CPU
		{39B18766-F5EA-4218-89B7-1039EF27198A}.Release|Any CPU.Build.0 = Release|Any CPU
		{9E1DF2F7-53EC-4044-A5D9-3AA134FEAAA6}.Debug|Any CPU.ActiveCfg = Debug|Any CPU
		{9E1DF2F7-53EC-4044-A5D9-3AA134FEAAA6}.Debug|Any CPU.Build.0 = Debug|Any CPU
		{9E1DF2F7-53EC-4044-A5D9-3AA134FEAAA6}.Release|Any CPU.ActiveCfg = Release|Any CPU
		{9E1DF2F7-53EC-4044-A5D9-3AA134FEAAA6}.Release|Any CPU.Build.0 = Release|Any CPU
		{D9A23823-9CEF-4B9E-91AA-40CE74D9FC8A}.Debug|Any CPU.ActiveCfg = Debug|Any CPU
		{D9A23823-9CEF-4B9E-91AA-40CE74D9FC8A}.Debug|Any CPU.Build.0 = Debug|Any CPU
		{D9A23823-9CEF-4B9E-91AA-40CE74D9FC8A}.Release|Any CPU.ActiveCfg = Release|Any CPU
		{D9A23823-9CEF-4B9E-91AA-40CE74D9FC8A}.Release|Any CPU.Build.0 = Release|Any CPU
		{38F609B0-39C1-42CD-8BC1-764AF79254E3}.Debug|Any CPU.ActiveCfg = Debug|Any CPU
		{38F609B0-39C1-42CD-8BC1-764AF79254E3}.Debug|Any CPU.Build.0 = Debug|Any CPU
		{38F609B0-39C1-42CD-8BC1-764AF79254E3}.Release|Any CPU.ActiveCfg = Release|Any CPU
		{38F609B0-39C1-42CD-8BC1-764AF79254E3}.Release|Any CPU.Build.0 = Release|Any CPU
		{BB24F16B-4900-4030-B296-A9CB21E7723C}.Debug|Any CPU.ActiveCfg = Debug|Any CPU
		{BB24F16B-4900-4030-B296-A9CB21E7723C}.Debug|Any CPU.Build.0 = Debug|Any CPU
		{BB24F16B-4900-4030-B296-A9CB21E7723C}.Release|Any CPU.ActiveCfg = Release|Any CPU
		{BB24F16B-4900-4030-B296-A9CB21E7723C}.Release|Any CPU.Build.0 = Release|Any CPU
		{C6EE0EF5-B665-432C-8C0B-2C0FAB9EF762}.Debug|Any CPU.ActiveCfg = Debug|Any CPU
		{C6EE0EF5-B665-432C-8C0B-2C0FAB9EF762}.Debug|Any CPU.Build.0 = Debug|Any CPU
		{C6EE0EF5-B665-432C-8C0B-2C0FAB9EF762}.Release|Any CPU.ActiveCfg = Release|Any CPU
		{C6EE0EF5-B665-432C-8C0B-2C0FAB9EF762}.Release|Any CPU.Build.0 = Release|Any CPU
		{89919DD0-D0AE-47BA-9336-14B168C4E0B5}.Debug|Any CPU.ActiveCfg = Debug|Any CPU
		{89919DD0-D0AE-47BA-9336-14B168C4E0B5}.Debug|Any CPU.Build.0 = Debug|Any CPU
		{89919DD0-D0AE-47BA-9336-14B168C4E0B5}.Release|Any CPU.ActiveCfg = Release|Any CPU
		{89919DD0-D0AE-47BA-9336-14B168C4E0B5}.Release|Any CPU.Build.0 = Release|Any CPU
		{C9E7D65C-3BF3-451B-82A1-664097E036F6}.Debug|Any CPU.ActiveCfg = Debug|Any CPU
		{C9E7D65C-3BF3-451B-82A1-664097E036F6}.Debug|Any CPU.Build.0 = Debug|Any CPU
		{C9E7D65C-3BF3-451B-82A1-664097E036F6}.Release|Any CPU.ActiveCfg = Release|Any CPU
		{C9E7D65C-3BF3-451B-82A1-664097E036F6}.Release|Any CPU.Build.0 = Release|Any CPU
		{698BBE25-71BE-4FE3-8B67-66F49B2AEF29}.Debug|Any CPU.ActiveCfg = Debug|Any CPU
		{698BBE25-71BE-4FE3-8B67-66F49B2AEF29}.Debug|Any CPU.Build.0 = Debug|Any CPU
		{698BBE25-71BE-4FE3-8B67-66F49B2AEF29}.Release|Any CPU.ActiveCfg = Release|Any CPU
		{698BBE25-71BE-4FE3-8B67-66F49B2AEF29}.Release|Any CPU.Build.0 = Release|Any CPU
		{DD1C9D0E-34C2-42AA-B428-BDD3AE963B58}.Debug|Any CPU.ActiveCfg = Debug|Any CPU
		{DD1C9D0E-34C2-42AA-B428-BDD3AE963B58}.Debug|Any CPU.Build.0 = Debug|Any CPU
		{DD1C9D0E-34C2-42AA-B428-BDD3AE963B58}.Release|Any CPU.ActiveCfg = Release|Any CPU
		{DD1C9D0E-34C2-42AA-B428-BDD3AE963B58}.Release|Any CPU.Build.0 = Release|Any CPU
		{AB0723BE-9B9B-42B8-BA3A-64A9B6490A15}.Debug|Any CPU.ActiveCfg = Debug|Any CPU
		{AB0723BE-9B9B-42B8-BA3A-64A9B6490A15}.Debug|Any CPU.Build.0 = Debug|Any CPU
		{AB0723BE-9B9B-42B8-BA3A-64A9B6490A15}.Release|Any CPU.ActiveCfg = Release|Any CPU
		{AB0723BE-9B9B-42B8-BA3A-64A9B6490A15}.Release|Any CPU.Build.0 = Release|Any CPU
		{ED3BB969-66C8-4FDE-B17E-D5B9536799DF}.Debug|Any CPU.ActiveCfg = Debug|Any CPU
		{ED3BB969-66C8-4FDE-B17E-D5B9536799DF}.Debug|Any CPU.Build.0 = Debug|Any CPU
		{ED3BB969-66C8-4FDE-B17E-D5B9536799DF}.Release|Any CPU.ActiveCfg = Release|Any CPU
		{ED3BB969-66C8-4FDE-B17E-D5B9536799DF}.Release|Any CPU.Build.0 = Release|Any CPU
		{24CFAF65-677F-4598-AB7D-92F76404C57E}.Debug|Any CPU.ActiveCfg = Debug|Any CPU
		{24CFAF65-677F-4598-AB7D-92F76404C57E}.Debug|Any CPU.Build.0 = Debug|Any CPU
		{24CFAF65-677F-4598-AB7D-92F76404C57E}.Release|Any CPU.ActiveCfg = Release|Any CPU
		{24CFAF65-677F-4598-AB7D-92F76404C57E}.Release|Any CPU.Build.0 = Release|Any CPU
	EndGlobalSection
	GlobalSection(SolutionProperties) = preSolution
		HideSolutionNode = FALSE
	EndGlobalSection
	GlobalSection(ExtensibilityGlobals) = postSolution
		SolutionGuid = {B8B3E91F-40B2-424E-A6F4-BCB7C24124B8}
	EndGlobalSection
EndGlobal
