
Microsoft Visual Studio Solution File, Format Version 12.00
# Visual Studio Version 17
VisualStudioVersion = 17.11.35327.3
MinimumVisualStudioVersion = 10.0.40219.1
Project("{9A19103F-16F7-4668-BE54-9A1E7A4F7556}") = "ClassExample_01", "ClassExample_01\ClassExample_01.csproj", "{650A4D03-D948-4805-85CB-D368F5D1F539}"
EndProject
Project("{9A19103F-16F7-4668-BE54-9A1E7A4F7556}") = "ClassWithConstructor_01", "ClassWithConstructor_01\ClassWithConstructor_01.csproj", "{9EB83221-22BA-4F36-B22B-1789B43D7B23}"
EndProject
Project("{9A19103F-16F7-4668-BE54-9A1E7A4F7556}") = "ClassWithMultipleMethods_01", "ClassWithMultipleMethods_01\ClassWithMultipleMethods_01.csproj", "{0D68A97F-A4E3-4A31-9601-E5677162139B}"
EndProject
Project("{9A19103F-16F7-4668-BE54-9A1E7A4F7556}") = "ClassWithProperties_01", "ClassWithProperties_01\ClassWithProperties_01.csproj", "{EDD7E37A-FC79-4866-9235-8E61A83437DC}"
EndProject
Project("{9A19103F-16F7-4668-BE54-9A1E7A4F7556}") = "ClassInheritance_01", "ClassInheritance_01\ClassInheritance_01.csproj", "{AB151F7D-5203-45B3-8559-E72E5B7DF7BE}"
EndProject
Project("{9A19103F-16F7-4668-BE54-9A1E7A4F7556}") = "BasicUsageOfNullableTypes_01", "BasicUsageOfNullableTypes_01\BasicUsageOfNullableTypes_01.csproj", "{E492C096-37A4-4FBF-8AE0-2300BC1D1798}"
EndProject
Project("{9A19103F-16F7-4668-BE54-9A1E7A4F7556}") = "UsingNull-CoalescingOperator_01", "UsingNull-CoalescingOperator_01\UsingNull-CoalescingOperator_01.csproj", "{8DA0637B-44A0-47EA-A86C-4F2559A7E35F}"
EndProject
Project("{9A19103F-16F7-4668-BE54-9A1E7A4F7556}") = "UsingGetValueOrDefault()Method_01", "UsingGetValueOrDefault()Method_01\UsingGetValueOrDefault()Method_01.csproj", "{7AFA26C0-82D2-4448-8FDC-AD85BB987E32}"
EndProject
Project("{9A19103F-16F7-4668-BE54-9A1E7A4F7556}") = "UsingNullableTypesinConditionalStatements_01", "UsingNullableTypesinConditionalStatements_01\UsingNullableTypesinConditionalStatements_01.csproj", "{9462AFD8-A5DB-48D7-B2F7-C50B5A678A1C}"
EndProject
Project("{9A19103F-16F7-4668-BE54-9A1E7A4F7556}") = "NullableTypesAndMethods_01", "NullableTypesAndMethods_01\NullableTypesAndMethods_01.csproj", "{39B18766-F5EA-4218-89B7-1039EF27198A}"
EndProject
Project("{FAE04EC0-301F-11D3-BF4B-00C04F79EFBC}") = "FibonacciSeries_01", "FibonacciSeries_01\FibonacciSeries_01.csproj", "{9E1DF2F7-53EC-4044-A5D9-3AA134FEAAA6}"
EndProject
Global
	GlobalSection(SolutionConfigurationPlatforms) = preSolution
		Debug|Any CPU = Debug|Any CPU
		Release|Any CPU = Release|Any CPU
	EndGlobalSection
	GlobalSection(ProjectConfigurationPlatforms) = postSolution
		{650A4D03-D948-4805-85CB-D368F5D1F539}.Debug|Any CPU.ActiveCfg = Debug|Any CPU
		{650A4D03-D948-4805-85CB-D368F5D1F539}.Debug|Any CPU.Build.0 = Debug|Any CPU
		{650A4D03-D948-4805-85CB-D368F5D1F539}.Release|Any CPU.ActiveCfg = Release|Any CPU
		{650A4D03-D948-4805-85CB-D368F5D1F539}.Release|Any CPU.Build.0 = Release|Any CPU
		{9EB83221-22BA-4F36-B22B-1789B43D7B23}.Debug|Any CPU.ActiveCfg = Debug|Any CPU
		{9EB83221-22BA-4F36-B22B-1789B43D7B23}.Debug|Any CPU.Build.0 = Debug|Any CPU
		{9EB83221-22BA-4F36-B22B-1789B43D7B23}.Release|Any CPU.ActiveCfg = Release|Any CPU
		{9EB83221-22BA-4F36-B22B-1789B43D7B23}.Release|Any CPU.Build.0 = Release|Any CPU
		{0D68A97F-A4E3-4A31-9601-E5677162139B}.Debug|Any CPU.ActiveCfg = Debug|Any CPU
		{0D68A97F-A4E3-4A31-9601-E5677162139B}.Debug|Any CPU.Build.0 = Debug|Any CPU
		{0D68A97F-A4E3-4A31-9601-E5677162139B}.Release|Any CPU.ActiveCfg = Release|Any CPU
		{0D68A97F-A4E3-4A31-9601-E5677162139B}.Release|Any CPU.Build.0 = Release|Any CPU
		{EDD7E37A-FC79-4866-9235-8E61A83437DC}.Debug|Any CPU.ActiveCfg = Debug|Any CPU
		{EDD7E37A-FC79-4866-9235-8E61A83437DC}.Debug|Any CPU.Build.0 = Debug|Any CPU
		{EDD7E37A-FC79-4866-9235-8E61A83437DC}.Release|Any CPU.ActiveCfg = Release|Any CPU
		{EDD7E37A-FC79-4866-9235-8E61A83437DC}.Release|Any CPU.Build.0 = Release|Any CPU
		{AB151F7D-5203-45B3-8559-E72E5B7DF7BE}.Debug|Any CPU.ActiveCfg = Debug|Any CPU
		{AB151F7D-5203-45B3-8559-E72E5B7DF7BE}.Debug|Any CPU.Build.0 = Debug|Any CPU
		{AB151F7D-5203-45B3-8559-E72E5B7DF7BE}.Release|Any CPU.ActiveCfg = Release|Any CPU
		{AB151F7D-5203-45B3-8559-E72E5B7DF7BE}.Release|Any CPU.Build.0 = Release|Any CPU
		{E492C096-37A4-4FBF-8AE0-2300BC1D1798}.Debug|Any CPU.ActiveCfg = Debug|Any CPU
		{E492C096-37A4-4FBF-8AE0-2300BC1D1798}.Debug|Any CPU.Build.0 = Debug|Any CPU
		{E492C096-37A4-4FBF-8AE0-2300BC1D1798}.Release|Any CPU.ActiveCfg = Release|Any CPU
		{E492C096-37A4-4FBF-8AE0-2300BC1D1798}.Release|Any CPU.Build.0 = Release|Any CPU
		{8DA0637B-44A0-47EA-A86C-4F2559A7E35F}.Debug|Any CPU.ActiveCfg = Debug|Any CPU
		{8DA0637B-44A0-47EA-A86C-4F2559A7E35F}.Debug|Any CPU.Build.0 = Debug|Any CPU
		{8DA0637B-44A0-47EA-A86C-4F2559A7E35F}.Release|Any CPU.ActiveCfg = Release|Any CPU
		{8DA0637B-44A0-47EA-A86C-4F2559A7E35F}.Release|Any CPU.Build.0 = Release|Any CPU
		{7AFA26C0-82D2-4448-8FDC-AD85BB987E32}.Debug|Any CPU.ActiveCfg = Debug|Any CPU
		{7AFA26C0-82D2-4448-8FDC-AD85BB987E32}.Debug|Any CPU.Build.0 = Debug|Any CPU
		{7AFA26C0-82D2-4448-8FDC-AD85BB987E32}.Release|Any CPU.ActiveCfg = Release|Any CPU
		{7AFA26C0-82D2-4448-8FDC-AD85BB987E32}.Release|Any CPU.Build.0 = Release|Any CPU
		{9462AFD8-A5DB-48D7-B2F7-C50B5A678A1C}.Debug|Any CPU.ActiveCfg = Debug|Any CPU
		{9462AFD8-A5DB-48D7-B2F7-C50B5A678A1C}.Debug|Any CPU.Build.0 = Debug|Any CPU
		{9462AFD8-A5DB-48D7-B2F7-C50B5A678A1C}.Release|Any CPU.ActiveCfg = Release|Any CPU
		{9462AFD8-A5DB-48D7-B2F7-C50B5A678A1C}.Release|Any CPU.Build.0 = Release|Any CPU
		{39B18766-F5EA-4218-89B7-1039EF27198A}.Debug|Any CPU.ActiveCfg = Debug|Any CPU
		{39B18766-F5EA-4218-89B7-1039EF27198A}.Debug|Any CPU.Build.0 = Debug|Any CPU
		{39B18766-F5EA-4218-89B7-1039EF27198A}.Release|Any CPU.ActiveCfg = Release|Any CPU
		{39B18766-F5EA-4218-89B7-1039EF27198A}.Release|Any CPU.Build.0 = Release|Any CPU
		{9E1DF2F7-53EC-4044-A5D9-3AA134FEAAA6}.Debug|Any CPU.ActiveCfg = Debug|Any CPU
		{9E1DF2F7-53EC-4044-A5D9-3AA134FEAAA6}.Debug|Any CPU.Build.0 = Debug|Any CPU
		{9E1DF2F7-53EC-4044-A5D9-3AA134FEAAA6}.Release|Any CPU.ActiveCfg = Release|Any CPU
		{9E1DF2F7-53EC-4044-A5D9-3AA134FEAAA6}.Release|Any CPU.Build.0 = Release|Any CPU
	EndGlobalSection
	GlobalSection(SolutionProperties) = preSolution
		HideSolutionNode = FALSE
	EndGlobalSection
	GlobalSection(ExtensibilityGlobals) = postSolution
		SolutionGuid = {B8B3E91F-40B2-424E-A6F4-BCB7C24124B8}
	EndGlobalSection
EndGlobal
