
Microsoft Visual Studio Solution File, Format Version 12.00
# Visual Studio Version 17
VisualStudioVersion = 17.11.35327.3
MinimumVisualStudioVersion = 10.0.40219.1
Project("{FAE04EC0-301F-11D3-BF4B-00C04F79EFBC}") = "ClassExample_01", "ClassExample_01\ClassExample_01.csproj", "{650A4D03-D948-4805-85CB-D368F5D1F539}"
EndProject
Project("{FAE04EC0-301F-11D3-BF4B-00C04F79EFBC}") = "ClassWithConstructor_01", "ClassWithConstructor_01\ClassWithConstructor_01.csproj", "{9EB83221-22BA-4F36-B22B-1789B43D7B23}"
EndProject
Global
	GlobalSection(SolutionConfigurationPlatforms) = preSolution
		Debug|Any CPU = Debug|Any CPU
		Release|Any CPU = Release|Any CPU
	EndGlobalSection
	GlobalSection(ProjectConfigurationPlatforms) = postSolution
		{650A4D03-D948-4805-85CB-D368F5D1F539}.Debug|Any CPU.ActiveCfg = Debug|Any CPU
		{650A4D03-D948-4805-85CB-D368F5D1F539}.Debug|Any CPU.Build.0 = Debug|Any CPU
		{650A4D03-D948-4805-85CB-D368F5D1F539}.Release|Any CPU.ActiveCfg = Release|Any CPU
		{650A4D03-D948-4805-85CB-D368F5D1F539}.Release|Any CPU.Build.0 = Release|Any CPU
		{9EB83221-22BA-4F36-B22B-1789B43D7B23}.Debug|Any CPU.ActiveCfg = Debug|Any CPU
		{9EB83221-22BA-4F36-B22B-1789B43D7B23}.Debug|Any CPU.Build.0 = Debug|Any CPU
		{9EB83221-22BA-4F36-B22B-1789B43D7B23}.Release|Any CPU.ActiveCfg = Release|Any CPU
		{9EB83221-22BA-4F36-B22B-1789B43D7B23}.Release|Any CPU.Build.0 = Release|Any CPU
	EndGlobalSection
	GlobalSection(SolutionProperties) = preSolution
		HideSolutionNode = FALSE
	EndGlobalSection
	GlobalSection(ExtensibilityGlobals) = postSolution
		SolutionGuid = {B8B3E91F-40B2-424E-A6F4-BCB7C24124B8}
	EndGlobalSection
EndGlobal
