
Microsoft Visual Studio Solution File, Format Version 12.00
# Visual Studio Version 17
VisualStudioVersion = 17.11.35327.3
MinimumVisualStudioVersion = 10.0.40219.1
Project("{9A19103F-16F7-4668-BE54-9A1E7A4F7556}") = "SimpleInheritance_01", "SimpleInheritance_01\SimpleInheritance_01.csproj", "{F7422AAA-2E82-40B4-81BF-B3E6B2F677A9}"
EndProject
Project("{9A19103F-16F7-4668-BE54-9A1E7A4F7556}") = "InheritanceWithConstructor_01", "InheritanceWithConstructor_01\InheritanceWithConstructor_01.csproj", "{01582A4A-A7BE-49C3-9639-B6EFEC770F5E}"
EndProject
Project("{9A19103F-16F7-4668-BE54-9A1E7A4F7556}") = "MethodOverriding_01", "MethodOverriding_01\MethodOverriding_01.csproj", "{732EC343-C4FC-468C-BC80-73C9B3E8F1AC}"
EndProject
Project("{9A19103F-16F7-4668-BE54-9A1E7A4F7556}") = "UsingProtectedMembers_01", "UsingProtectedMembers_01\UsingProtectedMembers_01.csproj", "{11331502-AC29-4947-83E6-CA9B0AB838BE}"
EndProject
Project("{9A19103F-16F7-4668-BE54-9A1E7A4F7556}") = "Multi-LevelInheritance&Polymorphism_01", "Multi-LevelInheritance&Polymorphism_01\Multi-LevelInheritance&Polymorphism_01.csproj", "{3EF42EF5-3F68-4E1D-AD05-07B4B2EC2069}"
EndProject
Project("{9A19103F-16F7-4668-BE54-9A1E7A4F7556}") = "UsingWithExpressionForNonDestructiveMutation_01", "UsingWithExpressionForNonDestructiveMutation_01\UsingWithExpressionForNonDestructiveMutation_01.csproj", "{16805373-371E-492E-9688-ADD1BA3DDCCB}"
EndProject
Project("{9A19103F-16F7-4668-BE54-9A1E7A4F7556}") = "UsingRefKeywordForValueUpdate_01", "UsingRefKeywordForValueUpdate_01\UsingRefKeywordForValueUpdate_01.csproj", "{5936AB17-C41D-4E5F-BB28-FE10BBD5AC7E}"
EndProject
Project("{9A19103F-16F7-4668-BE54-9A1E7A4F7556}") = "UsingOutToReturnMultipleValues_01", "UsingOutToReturnMultipleValues_01\UsingOutToReturnMultipleValues_01.csproj", "{2EBF3161-A3E9-4837-823D-5B6BE852A5F4}"
EndProject
Project("{9A19103F-16F7-4668-BE54-9A1E7A4F7556}") = "UsingInKeywordForReadOnlyParameters_01", "UsingInKeywordForReadOnlyParameters_01\UsingInKeywordForReadOnlyParameters_01.csproj", "{DBE26C55-ECDF-4B74-87DC-4EF68140CA05}"
EndProject
Project("{9A19103F-16F7-4668-BE54-9A1E7A4F7556}") = "RefRequiresVariableInitialization_01", "RefRequiresVariableInitialization_01\RefRequiresVariableInitialization_01.csproj", "{91AB6A2B-AF1C-4682-B8E3-E0081709B169}"
EndProject
Project("{9A19103F-16F7-4668-BE54-9A1E7A4F7556}") = "RecordWithImmutablePropertiesAndMethods_01", "RecordWithImmutablePropertiesAndMethods_01\RecordWithImmutablePropertiesAndMethods_01.csproj", "{ADFF7D16-DFC5-4713-A316-E4D7020EC2AF}"
EndProject
Project("{9A19103F-16F7-4668-BE54-9A1E7A4F7556}") = "PassingReferenceTypesWithRef_01", "PassingReferenceTypesWithRef_01\PassingReferenceTypesWithRef_01.csproj", "{695264BD-EC1C-47C1-AC55-757E637CD090}"
EndProject
Project("{9A19103F-16F7-4668-BE54-9A1E7A4F7556}") = "InheritingFromRecord_01", "InheritingFromRecord_01\InheritingFromRecord_01.csproj", "{47A4E1AD-F7EC-450C-94AB-8121D49FFB50}"
EndProject
Project("{9A19103F-16F7-4668-BE54-9A1E7A4F7556}") = "EnumWithCustomValues_01", "EnumWithCustomValues_01\EnumWithCustomValues_01.csproj", "{04645DC5-F9C3-4954-BDAF-501E3CD7D64C}"
EndProject
Project("{9A19103F-16F7-4668-BE54-9A1E7A4F7556}") = "EnumFlagsAttribute_01", "EnumFlagsAttribute_01\EnumFlagsAttribute_01.csproj", "{F80E2CDA-117C-48F4-A232-AA35C4686AE6}"
EndProject
Project("{9A19103F-16F7-4668-BE54-9A1E7A4F7556}") = "EnumConversionToInteger_01", "EnumConversionToInteger_01\EnumConversionToInteger_01.csproj", "{BB5214EB-034B-446F-B539-83FB96C2180B}"
EndProject
Project("{9A19103F-16F7-4668-BE54-9A1E7A4F7556}") = "EnumAndSwitchStatements_01", "EnumAndSwitchStatements_01\EnumAndSwitchStatements_01.csproj", "{8913F5F3-1BF3-45EF-90EF-D49AFE2A7133}"
EndProject
Project("{9A19103F-16F7-4668-BE54-9A1E7A4F7556}") = "Difference BetweenRefAndOut_01", "Difference BetweenRefAndOut_01\Difference BetweenRefAndOut_01.csproj", "{F2005582-D30D-4BF6-96DA-CB793A5DA1A0}"
EndProject
Project("{9A19103F-16F7-4668-BE54-9A1E7A4F7556}") = "ComparingRecordInstances_01", "ComparingRecordInstances_01\ComparingRecordInstances_01.csproj", "{8F73A08B-78BD-45E9-8B5F-183DAAE3B680}"
EndProject
Project("{9A19103F-16F7-4668-BE54-9A1E7A4F7556}") = "BasicRecordDeclaration_01", "BasicRecordDeclaration_01\BasicRecordDeclaration_01.csproj", "{0E760636-287A-4D9B-8C48-603E936B2C22}"
EndProject
Project("{9A19103F-16F7-4668-BE54-9A1E7A4F7556}") = "BasicEnumDeclarationAndUsage_01", "BasicEnumDeclarationAndUsage_01\BasicEnumDeclarationAndUsage_01.csproj", "{744AFC6F-8E52-4CA3-9EF5-0EC46CE0F49F}"
EndProject
Project("{9A19103F-16F7-4668-BE54-9A1E7A4F7556}") = "UsingInWithStructs_01", "UsingInWithStructs_01\UsingInWithStructs_01.csproj", "{D98226B8-D8EC-47DE-B4DE-CDD4CE705048}"
EndProject
Project("{9A19103F-16F7-4668-BE54-9A1E7A4F7556}") = "UsingOutWithTryParseMethod_01", "UsingOutWithTryParseMethod_01\UsingOutWithTryParseMethod_01.csproj", "{AB7A6213-4EB8-4408-845D-D1EC1A4DEE75}"
EndProject
Project("{9A19103F-16F7-4668-BE54-9A1E7A4F7556}") = "AdvancedRefReturnValue_01", "AdvancedRefReturnValue_01\AdvancedRefReturnValue_01.csproj", "{F7F0C265-14DB-41A0-B8FA-B5A2F08A9BA5}"
EndProject
Project("{9A19103F-16F7-4668-BE54-9A1E7A4F7556}") = "InOutRefCombined_01", "InOutRefCombined_01\InOutRefCombined_01.csproj", "{B2DB3FF9-233B-41C9-A304-3F3E44B88AD0}"
EndProject
Project("{9A19103F-16F7-4668-BE54-9A1E7A4F7556}") = "CreatingBasicTuple_01", "CreatingBasicTuple_01\CreatingBasicTuple_01.csproj", "{7889953D-EEC4-45FC-96D4-683D0ADD9272}"
EndProject
Project("{9A19103F-16F7-4668-BE54-9A1E7A4F7556}") = "UsingTupleWithThreeValues_01", "UsingTupleWithThreeValues_01\UsingTupleWithThreeValues_01.csproj", "{530D42AE-1FA1-4709-A0E4-017C655A9D9F}"
EndProject
Project("{9A19103F-16F7-4668-BE54-9A1E7A4F7556}") = "NamedTuplesUsingValueTuple_01", "NamedTuplesUsingValueTuple_01\NamedTuplesUsingValueTuple_01.csproj", "{15F7412D-AA39-4C54-8838-B46B3ED483AB}"
EndProject
Project("{9A19103F-16F7-4668-BE54-9A1E7A4F7556}") = "TupleDeconstruction_01", "TupleDeconstruction_01\TupleDeconstruction_01.csproj", "{EB960FAA-D245-4D71-BB12-BF9D301C9878}"
EndProject
Project("{9A19103F-16F7-4668-BE54-9A1E7A4F7556}") = "TupleInCollection_01", "TupleInCollection_01\TupleInCollection_01.csproj", "{41B8526A-3C38-4FBE-AABD-3F3FCC48BE5E}"
EndProject
Project("{9A19103F-16F7-4668-BE54-9A1E7A4F7556}") = "TupleInLINQQuery_01", "TupleInLINQQuery_01\TupleInLINQQuery_01.csproj", "{B32D91E2-7B2B-411E-9E4F-35FB6A5337A7}"
EndProject
Project("{9A19103F-16F7-4668-BE54-9A1E7A4F7556}") = "TupleReturningMultipleValuesFromMethod_01", "TupleReturningMultipleValuesFromMethod_01\TupleReturningMultipleValuesFromMethod_01.csproj", "{D0802430-B3EA-4BBA-96D8-B7D425750100}"
EndProject
Project("{9A19103F-16F7-4668-BE54-9A1E7A4F7556}") = "NestedTuplesForComplexData_01", "NestedTuplesForComplexData_01\NestedTuplesForComplexData_01.csproj", "{5D4C4092-878A-4B2B-9E49-66108A4D6DB2}"
EndProject
Project("{9A19103F-16F7-4668-BE54-9A1E7A4F7556}") = "BasicFunctionWithParametersAndReturnType_01", "BasicFunctionWithParametersAndReturnType_01\BasicFunctionWithParametersAndReturnType_01.csproj", "{FAE9A288-08C0-4F88-A7B8-D0DBF064A81D}"
EndProject
Project("{9A19103F-16F7-4668-BE54-9A1E7A4F7556}") = "OverloadingFunctionsWithDifferentParameters_01", "OverloadingFunctionsWithDifferentParameters_01\OverloadingFunctionsWithDifferentParameters_01.csproj", "{54F83190-0CEB-4A7B-BE33-8229E57883FE}"
EndProject
Project("{9A19103F-16F7-4668-BE54-9A1E7A4F7556}") = "FunctionWithRefParameter_01", "FunctionWithRefParameter_01\FunctionWithRefParameter_01.csproj", "{B41C5877-6C2D-44F2-AED9-71EBE6F9E349}"
EndProject
Project("{9A19103F-16F7-4668-BE54-9A1E7A4F7556}") = "FunctionWithOutParameter_01", "FunctionWithOutParameter_01\FunctionWithOutParameter_01.csproj", "{697F2FBB-2603-43B3-A501-B4A942079F0E}"
EndProject
Project("{9A19103F-16F7-4668-BE54-9A1E7A4F7556}") = "RecursiveFunction_01", "RecursiveFunction_01\RecursiveFunction_01.csproj", "{5F8FEF3D-8F53-463C-A3E1-FBEEC53F810E}"
EndProject
Project("{9A19103F-16F7-4668-BE54-9A1E7A4F7556}") = "LambdaExpressionAsFunction_01", "LambdaExpressionAsFunction_01\LambdaExpressionAsFunction_01.csproj", "{2C8CE0B9-C55A-48D4-B8F2-423A09D28CDF}"
EndProject
Project("{9A19103F-16F7-4668-BE54-9A1E7A4F7556}") = "AnonymousMethodAsFunction_01", "AnonymousMethodAsFunction_01\AnonymousMethodAsFunction_01.csproj", "{158A4ED9-F53B-49D8-8F96-2D990E21A479}"
EndProject
Project("{9A19103F-16F7-4668-BE54-9A1E7A4F7556}") = "HigherOrderFunction_01", "HigherOrderFunction_01\HigherOrderFunction_01.csproj", "{20E0CABC-EC21-4E09-836B-0B31BF819515}"
EndProject
Project("{9A19103F-16F7-4668-BE54-9A1E7A4F7556}") = "ReturningFunctionFromFunction_01", "ReturningFunctionFromFunction_01\ReturningFunctionFromFunction_01.csproj", "{029A022B-41A5-4E49-B191-81D40A6C8BFA}"
EndProject
Project("{9A19103F-16F7-4668-BE54-9A1E7A4F7556}") = "GenericFunctionWithConstraints_01", "GenericFunctionWithConstraints_01\GenericFunctionWithConstraints_01.csproj", "{533202E6-E546-4B7D-8326-354FA0F69DAB}"
EndProject
Project("{9A19103F-16F7-4668-BE54-9A1E7A4F7556}") = "MethodOverloading_01", "MethodOverloading_01\MethodOverloading_01.csproj", "{2438AA89-DCD8-4E00-B0BA-A585BA027CD6}"
EndProject
Project("{9A19103F-16F7-4668-BE54-9A1E7A4F7556}") = "AbstractClassesAndPolymorphism_01", "AbstractClassesAndPolymorphism_01\AbstractClassesAndPolymorphism_01.csproj", "{A005765E-2B6F-4474-9FA7-8CF68829C0A6}"
EndProject
Project("{9A19103F-16F7-4668-BE54-9A1E7A4F7556}") = "InterfacesandPolymorphism_01", "InterfacesandPolymorphism_01\InterfacesandPolymorphism_01.csproj", "{7EFE0799-0213-4ECF-87E6-359961172C12}"
EndProject
Project("{9A19103F-16F7-4668-BE54-9A1E7A4F7556}") = "PolymorphicBehaviorWithAnArray_01", "PolymorphicBehaviorWithAnArray_01\PolymorphicBehaviorWithAnArray_01.csproj", "{9FD230CF-3186-48E3-B3D1-10F80DEEDCB6}"
EndProject
Project("{FAE04EC0-301F-11D3-BF4B-00C04F79EFBC}") = "TraversingMultiDimensionalArray_01", "TraversingMultiDimensionalArray_01\TraversingMultiDimensionalArray_01.csproj", "{38BB3530-0E02-4EA8-A068-7E00E686DD9C}"
EndProject
Global
	GlobalSection(SolutionConfigurationPlatforms) = preSolution
		Debug|Any CPU = Debug|Any CPU
		Release|Any CPU = Release|Any CPU
	EndGlobalSection
	GlobalSection(ProjectConfigurationPlatforms) = postSolution
		{F7422AAA-2E82-40B4-81BF-B3E6B2F677A9}.Debug|Any CPU.ActiveCfg = Debug|Any CPU
		{F7422AAA-2E82-40B4-81BF-B3E6B2F677A9}.Debug|Any CPU.Build.0 = Debug|Any CPU
		{F7422AAA-2E82-40B4-81BF-B3E6B2F677A9}.Release|Any CPU.ActiveCfg = Release|Any CPU
		{F7422AAA-2E82-40B4-81BF-B3E6B2F677A9}.Release|Any CPU.Build.0 = Release|Any CPU
		{01582A4A-A7BE-49C3-9639-B6EFEC770F5E}.Debug|Any CPU.ActiveCfg = Debug|Any CPU
		{01582A4A-A7BE-49C3-9639-B6EFEC770F5E}.Debug|Any CPU.Build.0 = Debug|Any CPU
		{01582A4A-A7BE-49C3-9639-B6EFEC770F5E}.Release|Any CPU.ActiveCfg = Release|Any CPU
		{01582A4A-A7BE-49C3-9639-B6EFEC770F5E}.Release|Any CPU.Build.0 = Release|Any CPU
		{732EC343-C4FC-468C-BC80-73C9B3E8F1AC}.Debug|Any CPU.ActiveCfg = Debug|Any CPU
		{732EC343-C4FC-468C-BC80-73C9B3E8F1AC}.Debug|Any CPU.Build.0 = Debug|Any CPU
		{732EC343-C4FC-468C-BC80-73C9B3E8F1AC}.Release|Any CPU.ActiveCfg = Release|Any CPU
		{732EC343-C4FC-468C-BC80-73C9B3E8F1AC}.Release|Any CPU.Build.0 = Release|Any CPU
		{11331502-AC29-4947-83E6-CA9B0AB838BE}.Debug|Any CPU.ActiveCfg = Debug|Any CPU
		{11331502-AC29-4947-83E6-CA9B0AB838BE}.Debug|Any CPU.Build.0 = Debug|Any CPU
		{11331502-AC29-4947-83E6-CA9B0AB838BE}.Release|Any CPU.ActiveCfg = Release|Any CPU
		{11331502-AC29-4947-83E6-CA9B0AB838BE}.Release|Any CPU.Build.0 = Release|Any CPU
		{3EF42EF5-3F68-4E1D-AD05-07B4B2EC2069}.Debug|Any CPU.ActiveCfg = Debug|Any CPU
		{3EF42EF5-3F68-4E1D-AD05-07B4B2EC2069}.Debug|Any CPU.Build.0 = Debug|Any CPU
		{3EF42EF5-3F68-4E1D-AD05-07B4B2EC2069}.Release|Any CPU.ActiveCfg = Release|Any CPU
		{3EF42EF5-3F68-4E1D-AD05-07B4B2EC2069}.Release|Any CPU.Build.0 = Release|Any CPU
		{16805373-371E-492E-9688-ADD1BA3DDCCB}.Debug|Any CPU.ActiveCfg = Debug|Any CPU
		{16805373-371E-492E-9688-ADD1BA3DDCCB}.Debug|Any CPU.Build.0 = Debug|Any CPU
		{16805373-371E-492E-9688-ADD1BA3DDCCB}.Release|Any CPU.ActiveCfg = Release|Any CPU
		{16805373-371E-492E-9688-ADD1BA3DDCCB}.Release|Any CPU.Build.0 = Release|Any CPU
		{5936AB17-C41D-4E5F-BB28-FE10BBD5AC7E}.Debug|Any CPU.ActiveCfg = Debug|Any CPU
		{5936AB17-C41D-4E5F-BB28-FE10BBD5AC7E}.Debug|Any CPU.Build.0 = Debug|Any CPU
		{5936AB17-C41D-4E5F-BB28-FE10BBD5AC7E}.Release|Any CPU.ActiveCfg = Release|Any CPU
		{5936AB17-C41D-4E5F-BB28-FE10BBD5AC7E}.Release|Any CPU.Build.0 = Release|Any CPU
		{2EBF3161-A3E9-4837-823D-5B6BE852A5F4}.Debug|Any CPU.ActiveCfg = Debug|Any CPU
		{2EBF3161-A3E9-4837-823D-5B6BE852A5F4}.Debug|Any CPU.Build.0 = Debug|Any CPU
		{2EBF3161-A3E9-4837-823D-5B6BE852A5F4}.Release|Any CPU.ActiveCfg = Release|Any CPU
		{2EBF3161-A3E9-4837-823D-5B6BE852A5F4}.Release|Any CPU.Build.0 = Release|Any CPU
		{DBE26C55-ECDF-4B74-87DC-4EF68140CA05}.Debug|Any CPU.ActiveCfg = Debug|Any CPU
		{DBE26C55-ECDF-4B74-87DC-4EF68140CA05}.Debug|Any CPU.Build.0 = Debug|Any CPU
		{DBE26C55-ECDF-4B74-87DC-4EF68140CA05}.Release|Any CPU.ActiveCfg = Release|Any CPU
		{DBE26C55-ECDF-4B74-87DC-4EF68140CA05}.Release|Any CPU.Build.0 = Release|Any CPU
		{91AB6A2B-AF1C-4682-B8E3-E0081709B169}.Debug|Any CPU.ActiveCfg = Debug|Any CPU
		{91AB6A2B-AF1C-4682-B8E3-E0081709B169}.Debug|Any CPU.Build.0 = Debug|Any CPU
		{91AB6A2B-AF1C-4682-B8E3-E0081709B169}.Release|Any CPU.ActiveCfg = Release|Any CPU
		{91AB6A2B-AF1C-4682-B8E3-E0081709B169}.Release|Any CPU.Build.0 = Release|Any CPU
		{ADFF7D16-DFC5-4713-A316-E4D7020EC2AF}.Debug|Any CPU.ActiveCfg = Debug|Any CPU
		{ADFF7D16-DFC5-4713-A316-E4D7020EC2AF}.Debug|Any CPU.Build.0 = Debug|Any CPU
		{ADFF7D16-DFC5-4713-A316-E4D7020EC2AF}.Release|Any CPU.ActiveCfg = Release|Any CPU
		{ADFF7D16-DFC5-4713-A316-E4D7020EC2AF}.Release|Any CPU.Build.0 = Release|Any CPU
		{695264BD-EC1C-47C1-AC55-757E637CD090}.Debug|Any CPU.ActiveCfg = Debug|Any CPU
		{695264BD-EC1C-47C1-AC55-757E637CD090}.Debug|Any CPU.Build.0 = Debug|Any CPU
		{695264BD-EC1C-47C1-AC55-757E637CD090}.Release|Any CPU.ActiveCfg = Release|Any CPU
		{695264BD-EC1C-47C1-AC55-757E637CD090}.Release|Any CPU.Build.0 = Release|Any CPU
		{47A4E1AD-F7EC-450C-94AB-8121D49FFB50}.Debug|Any CPU.ActiveCfg = Debug|Any CPU
		{47A4E1AD-F7EC-450C-94AB-8121D49FFB50}.Debug|Any CPU.Build.0 = Debug|Any CPU
		{47A4E1AD-F7EC-450C-94AB-8121D49FFB50}.Release|Any CPU.ActiveCfg = Release|Any CPU
		{47A4E1AD-F7EC-450C-94AB-8121D49FFB50}.Release|Any CPU.Build.0 = Release|Any CPU
		{04645DC5-F9C3-4954-BDAF-501E3CD7D64C}.Debug|Any CPU.ActiveCfg = Debug|Any CPU
		{04645DC5-F9C3-4954-BDAF-501E3CD7D64C}.Debug|Any CPU.Build.0 = Debug|Any CPU
		{04645DC5-F9C3-4954-BDAF-501E3CD7D64C}.Release|Any CPU.ActiveCfg = Release|Any CPU
		{04645DC5-F9C3-4954-BDAF-501E3CD7D64C}.Release|Any CPU.Build.0 = Release|Any CPU
		{F80E2CDA-117C-48F4-A232-AA35C4686AE6}.Debug|Any CPU.ActiveCfg = Debug|Any CPU
		{F80E2CDA-117C-48F4-A232-AA35C4686AE6}.Debug|Any CPU.Build.0 = Debug|Any CPU
		{F80E2CDA-117C-48F4-A232-AA35C4686AE6}.Release|Any CPU.ActiveCfg = Release|Any CPU
		{F80E2CDA-117C-48F4-A232-AA35C4686AE6}.Release|Any CPU.Build.0 = Release|Any CPU
		{BB5214EB-034B-446F-B539-83FB96C2180B}.Debug|Any CPU.ActiveCfg = Debug|Any CPU
		{BB5214EB-034B-446F-B539-83FB96C2180B}.Debug|Any CPU.Build.0 = Debug|Any CPU
		{BB5214EB-034B-446F-B539-83FB96C2180B}.Release|Any CPU.ActiveCfg = Release|Any CPU
		{BB5214EB-034B-446F-B539-83FB96C2180B}.Release|Any CPU.Build.0 = Release|Any CPU
		{8913F5F3-1BF3-45EF-90EF-D49AFE2A7133}.Debug|Any CPU.ActiveCfg = Debug|Any CPU
		{8913F5F3-1BF3-45EF-90EF-D49AFE2A7133}.Debug|Any CPU.Build.0 = Debug|Any CPU
		{8913F5F3-1BF3-45EF-90EF-D49AFE2A7133}.Release|Any CPU.ActiveCfg = Release|Any CPU
		{8913F5F3-1BF3-45EF-90EF-D49AFE2A7133}.Release|Any CPU.Build.0 = Release|Any CPU
		{F2005582-D30D-4BF6-96DA-CB793A5DA1A0}.Debug|Any CPU.ActiveCfg = Debug|Any CPU
		{F2005582-D30D-4BF6-96DA-CB793A5DA1A0}.Debug|Any CPU.Build.0 = Debug|Any CPU
		{F2005582-D30D-4BF6-96DA-CB793A5DA1A0}.Release|Any CPU.ActiveCfg = Release|Any CPU
		{F2005582-D30D-4BF6-96DA-CB793A5DA1A0}.Release|Any CPU.Build.0 = Release|Any CPU
		{8F73A08B-78BD-45E9-8B5F-183DAAE3B680}.Debug|Any CPU.ActiveCfg = Debug|Any CPU
		{8F73A08B-78BD-45E9-8B5F-183DAAE3B680}.Debug|Any CPU.Build.0 = Debug|Any CPU
		{8F73A08B-78BD-45E9-8B5F-183DAAE3B680}.Release|Any CPU.ActiveCfg = Release|Any CPU
		{8F73A08B-78BD-45E9-8B5F-183DAAE3B680}.Release|Any CPU.Build.0 = Release|Any CPU
		{0E760636-287A-4D9B-8C48-603E936B2C22}.Debug|Any CPU.ActiveCfg = Debug|Any CPU
		{0E760636-287A-4D9B-8C48-603E936B2C22}.Debug|Any CPU.Build.0 = Debug|Any CPU
		{0E760636-287A-4D9B-8C48-603E936B2C22}.Release|Any CPU.ActiveCfg = Release|Any CPU
		{0E760636-287A-4D9B-8C48-603E936B2C22}.Release|Any CPU.Build.0 = Release|Any CPU
		{744AFC6F-8E52-4CA3-9EF5-0EC46CE0F49F}.Debug|Any CPU.ActiveCfg = Debug|Any CPU
		{744AFC6F-8E52-4CA3-9EF5-0EC46CE0F49F}.Debug|Any CPU.Build.0 = Debug|Any CPU
		{744AFC6F-8E52-4CA3-9EF5-0EC46CE0F49F}.Release|Any CPU.ActiveCfg = Release|Any CPU
		{744AFC6F-8E52-4CA3-9EF5-0EC46CE0F49F}.Release|Any CPU.Build.0 = Release|Any CPU
		{D98226B8-D8EC-47DE-B4DE-CDD4CE705048}.Debug|Any CPU.ActiveCfg = Debug|Any CPU
		{D98226B8-D8EC-47DE-B4DE-CDD4CE705048}.Debug|Any CPU.Build.0 = Debug|Any CPU
		{D98226B8-D8EC-47DE-B4DE-CDD4CE705048}.Release|Any CPU.ActiveCfg = Release|Any CPU
		{D98226B8-D8EC-47DE-B4DE-CDD4CE705048}.Release|Any CPU.Build.0 = Release|Any CPU
		{AB7A6213-4EB8-4408-845D-D1EC1A4DEE75}.Debug|Any CPU.ActiveCfg = Debug|Any CPU
		{AB7A6213-4EB8-4408-845D-D1EC1A4DEE75}.Debug|Any CPU.Build.0 = Debug|Any CPU
		{AB7A6213-4EB8-4408-845D-D1EC1A4DEE75}.Release|Any CPU.ActiveCfg = Release|Any CPU
		{AB7A6213-4EB8-4408-845D-D1EC1A4DEE75}.Release|Any CPU.Build.0 = Release|Any CPU
		{F7F0C265-14DB-41A0-B8FA-B5A2F08A9BA5}.Debug|Any CPU.ActiveCfg = Debug|Any CPU
		{F7F0C265-14DB-41A0-B8FA-B5A2F08A9BA5}.Debug|Any CPU.Build.0 = Debug|Any CPU
		{F7F0C265-14DB-41A0-B8FA-B5A2F08A9BA5}.Release|Any CPU.ActiveCfg = Release|Any CPU
		{F7F0C265-14DB-41A0-B8FA-B5A2F08A9BA5}.Release|Any CPU.Build.0 = Release|Any CPU
		{B2DB3FF9-233B-41C9-A304-3F3E44B88AD0}.Debug|Any CPU.ActiveCfg = Debug|Any CPU
		{B2DB3FF9-233B-41C9-A304-3F3E44B88AD0}.Debug|Any CPU.Build.0 = Debug|Any CPU
		{B2DB3FF9-233B-41C9-A304-3F3E44B88AD0}.Release|Any CPU.ActiveCfg = Release|Any CPU
		{B2DB3FF9-233B-41C9-A304-3F3E44B88AD0}.Release|Any CPU.Build.0 = Release|Any CPU
		{7889953D-EEC4-45FC-96D4-683D0ADD9272}.Debug|Any CPU.ActiveCfg = Debug|Any CPU
		{7889953D-EEC4-45FC-96D4-683D0ADD9272}.Debug|Any CPU.Build.0 = Debug|Any CPU
		{7889953D-EEC4-45FC-96D4-683D0ADD9272}.Release|Any CPU.ActiveCfg = Release|Any CPU
		{7889953D-EEC4-45FC-96D4-683D0ADD9272}.Release|Any CPU.Build.0 = Release|Any CPU
		{530D42AE-1FA1-4709-A0E4-017C655A9D9F}.Debug|Any CPU.ActiveCfg = Debug|Any CPU
		{530D42AE-1FA1-4709-A0E4-017C655A9D9F}.Debug|Any CPU.Build.0 = Debug|Any CPU
		{530D42AE-1FA1-4709-A0E4-017C655A9D9F}.Release|Any CPU.ActiveCfg = Release|Any CPU
		{530D42AE-1FA1-4709-A0E4-017C655A9D9F}.Release|Any CPU.Build.0 = Release|Any CPU
		{15F7412D-AA39-4C54-8838-B46B3ED483AB}.Debug|Any CPU.ActiveCfg = Debug|Any CPU
		{15F7412D-AA39-4C54-8838-B46B3ED483AB}.Debug|Any CPU.Build.0 = Debug|Any CPU
		{15F7412D-AA39-4C54-8838-B46B3ED483AB}.Release|Any CPU.ActiveCfg = Release|Any CPU
		{15F7412D-AA39-4C54-8838-B46B3ED483AB}.Release|Any CPU.Build.0 = Release|Any CPU
		{EB960FAA-D245-4D71-BB12-BF9D301C9878}.Debug|Any CPU.ActiveCfg = Debug|Any CPU
		{EB960FAA-D245-4D71-BB12-BF9D301C9878}.Debug|Any CPU.Build.0 = Debug|Any CPU
		{EB960FAA-D245-4D71-BB12-BF9D301C9878}.Release|Any CPU.ActiveCfg = Release|Any CPU
		{EB960FAA-D245-4D71-BB12-BF9D301C9878}.Release|Any CPU.Build.0 = Release|Any CPU
		{41B8526A-3C38-4FBE-AABD-3F3FCC48BE5E}.Debug|Any CPU.ActiveCfg = Debug|Any CPU
		{41B8526A-3C38-4FBE-AABD-3F3FCC48BE5E}.Debug|Any CPU.Build.0 = Debug|Any CPU
		{41B8526A-3C38-4FBE-AABD-3F3FCC48BE5E}.Release|Any CPU.ActiveCfg = Release|Any CPU
		{41B8526A-3C38-4FBE-AABD-3F3FCC48BE5E}.Release|Any CPU.Build.0 = Release|Any CPU
		{B32D91E2-7B2B-411E-9E4F-35FB6A5337A7}.Debug|Any CPU.ActiveCfg = Debug|Any CPU
		{B32D91E2-7B2B-411E-9E4F-35FB6A5337A7}.Debug|Any CPU.Build.0 = Debug|Any CPU
		{B32D91E2-7B2B-411E-9E4F-35FB6A5337A7}.Release|Any CPU.ActiveCfg = Release|Any CPU
		{B32D91E2-7B2B-411E-9E4F-35FB6A5337A7}.Release|Any CPU.Build.0 = Release|Any CPU
		{D0802430-B3EA-4BBA-96D8-B7D425750100}.Debug|Any CPU.ActiveCfg = Debug|Any CPU
		{D0802430-B3EA-4BBA-96D8-B7D425750100}.Debug|Any CPU.Build.0 = Debug|Any CPU
		{D0802430-B3EA-4BBA-96D8-B7D425750100}.Release|Any CPU.ActiveCfg = Release|Any CPU
		{D0802430-B3EA-4BBA-96D8-B7D425750100}.Release|Any CPU.Build.0 = Release|Any CPU
		{5D4C4092-878A-4B2B-9E49-66108A4D6DB2}.Debug|Any CPU.ActiveCfg = Debug|Any CPU
		{5D4C4092-878A-4B2B-9E49-66108A4D6DB2}.Debug|Any CPU.Build.0 = Debug|Any CPU
		{5D4C4092-878A-4B2B-9E49-66108A4D6DB2}.Release|Any CPU.ActiveCfg = Release|Any CPU
		{5D4C4092-878A-4B2B-9E49-66108A4D6DB2}.Release|Any CPU.Build.0 = Release|Any CPU
		{FAE9A288-08C0-4F88-A7B8-D0DBF064A81D}.Debug|Any CPU.ActiveCfg = Debug|Any CPU
		{FAE9A288-08C0-4F88-A7B8-D0DBF064A81D}.Debug|Any CPU.Build.0 = Debug|Any CPU
		{FAE9A288-08C0-4F88-A7B8-D0DBF064A81D}.Release|Any CPU.ActiveCfg = Release|Any CPU
		{FAE9A288-08C0-4F88-A7B8-D0DBF064A81D}.Release|Any CPU.Build.0 = Release|Any CPU
		{54F83190-0CEB-4A7B-BE33-8229E57883FE}.Debug|Any CPU.ActiveCfg = Debug|Any CPU
		{54F83190-0CEB-4A7B-BE33-8229E57883FE}.Debug|Any CPU.Build.0 = Debug|Any CPU
		{54F83190-0CEB-4A7B-BE33-8229E57883FE}.Release|Any CPU.ActiveCfg = Release|Any CPU
		{54F83190-0CEB-4A7B-BE33-8229E57883FE}.Release|Any CPU.Build.0 = Release|Any CPU
		{B41C5877-6C2D-44F2-AED9-71EBE6F9E349}.Debug|Any CPU.ActiveCfg = Debug|Any CPU
		{B41C5877-6C2D-44F2-AED9-71EBE6F9E349}.Debug|Any CPU.Build.0 = Debug|Any CPU
		{B41C5877-6C2D-44F2-AED9-71EBE6F9E349}.Release|Any CPU.ActiveCfg = Release|Any CPU
		{B41C5877-6C2D-44F2-AED9-71EBE6F9E349}.Release|Any CPU.Build.0 = Release|Any CPU
		{697F2FBB-2603-43B3-A501-B4A942079F0E}.Debug|Any CPU.ActiveCfg = Debug|Any CPU
		{697F2FBB-2603-43B3-A501-B4A942079F0E}.Debug|Any CPU.Build.0 = Debug|Any CPU
		{697F2FBB-2603-43B3-A501-B4A942079F0E}.Release|Any CPU.ActiveCfg = Release|Any CPU
		{697F2FBB-2603-43B3-A501-B4A942079F0E}.Release|Any CPU.Build.0 = Release|Any CPU
		{5F8FEF3D-8F53-463C-A3E1-FBEEC53F810E}.Debug|Any CPU.ActiveCfg = Debug|Any CPU
		{5F8FEF3D-8F53-463C-A3E1-FBEEC53F810E}.Debug|Any CPU.Build.0 = Debug|Any CPU
		{5F8FEF3D-8F53-463C-A3E1-FBEEC53F810E}.Release|Any CPU.ActiveCfg = Release|Any CPU
		{5F8FEF3D-8F53-463C-A3E1-FBEEC53F810E}.Release|Any CPU.Build.0 = Release|Any CPU
		{2C8CE0B9-C55A-48D4-B8F2-423A09D28CDF}.Debug|Any CPU.ActiveCfg = Debug|Any CPU
		{2C8CE0B9-C55A-48D4-B8F2-423A09D28CDF}.Debug|Any CPU.Build.0 = Debug|Any CPU
		{2C8CE0B9-C55A-48D4-B8F2-423A09D28CDF}.Release|Any CPU.ActiveCfg = Release|Any CPU
		{2C8CE0B9-C55A-48D4-B8F2-423A09D28CDF}.Release|Any CPU.Build.0 = Release|Any CPU
		{158A4ED9-F53B-49D8-8F96-2D990E21A479}.Debug|Any CPU.ActiveCfg = Debug|Any CPU
		{158A4ED9-F53B-49D8-8F96-2D990E21A479}.Debug|Any CPU.Build.0 = Debug|Any CPU
		{158A4ED9-F53B-49D8-8F96-2D990E21A479}.Release|Any CPU.ActiveCfg = Release|Any CPU
		{158A4ED9-F53B-49D8-8F96-2D990E21A479}.Release|Any CPU.Build.0 = Release|Any CPU
		{20E0CABC-EC21-4E09-836B-0B31BF819515}.Debug|Any CPU.ActiveCfg = Debug|Any CPU
		{20E0CABC-EC21-4E09-836B-0B31BF819515}.Debug|Any CPU.Build.0 = Debug|Any CPU
		{20E0CABC-EC21-4E09-836B-0B31BF819515}.Release|Any CPU.ActiveCfg = Release|Any CPU
		{20E0CABC-EC21-4E09-836B-0B31BF819515}.Release|Any CPU.Build.0 = Release|Any CPU
		{029A022B-41A5-4E49-B191-81D40A6C8BFA}.Debug|Any CPU.ActiveCfg = Debug|Any CPU
		{029A022B-41A5-4E49-B191-81D40A6C8BFA}.Debug|Any CPU.Build.0 = Debug|Any CPU
		{029A022B-41A5-4E49-B191-81D40A6C8BFA}.Release|Any CPU.ActiveCfg = Release|Any CPU
		{029A022B-41A5-4E49-B191-81D40A6C8BFA}.Release|Any CPU.Build.0 = Release|Any CPU
		{533202E6-E546-4B7D-8326-354FA0F69DAB}.Debug|Any CPU.ActiveCfg = Debug|Any CPU
		{533202E6-E546-4B7D-8326-354FA0F69DAB}.Debug|Any CPU.Build.0 = Debug|Any CPU
		{533202E6-E546-4B7D-8326-354FA0F69DAB}.Release|Any CPU.ActiveCfg = Release|Any CPU
		{533202E6-E546-4B7D-8326-354FA0F69DAB}.Release|Any CPU.Build.0 = Release|Any CPU
		{2438AA89-DCD8-4E00-B0BA-A585BA027CD6}.Debug|Any CPU.ActiveCfg = Debug|Any CPU
		{2438AA89-DCD8-4E00-B0BA-A585BA027CD6}.Debug|Any CPU.Build.0 = Debug|Any CPU
		{2438AA89-DCD8-4E00-B0BA-A585BA027CD6}.Release|Any CPU.ActiveCfg = Release|Any CPU
		{2438AA89-DCD8-4E00-B0BA-A585BA027CD6}.Release|Any CPU.Build.0 = Release|Any CPU
		{A005765E-2B6F-4474-9FA7-8CF68829C0A6}.Debug|Any CPU.ActiveCfg = Debug|Any CPU
		{A005765E-2B6F-4474-9FA7-8CF68829C0A6}.Debug|Any CPU.Build.0 = Debug|Any CPU
		{A005765E-2B6F-4474-9FA7-8CF68829C0A6}.Release|Any CPU.ActiveCfg = Release|Any CPU
		{A005765E-2B6F-4474-9FA7-8CF68829C0A6}.Release|Any CPU.Build.0 = Release|Any CPU
		{7EFE0799-0213-4ECF-87E6-359961172C12}.Debug|Any CPU.ActiveCfg = Debug|Any CPU
		{7EFE0799-0213-4ECF-87E6-359961172C12}.Debug|Any CPU.Build.0 = Debug|Any CPU
		{7EFE0799-0213-4ECF-87E6-359961172C12}.Release|Any CPU.ActiveCfg = Release|Any CPU
		{7EFE0799-0213-4ECF-87E6-359961172C12}.Release|Any CPU.Build.0 = Release|Any CPU
		{9FD230CF-3186-48E3-B3D1-10F80DEEDCB6}.Debug|Any CPU.ActiveCfg = Debug|Any CPU
		{9FD230CF-3186-48E3-B3D1-10F80DEEDCB6}.Debug|Any CPU.Build.0 = Debug|Any CPU
		{9FD230CF-3186-48E3-B3D1-10F80DEEDCB6}.Release|Any CPU.ActiveCfg = Release|Any CPU
		{9FD230CF-3186-48E3-B3D1-10F80DEEDCB6}.Release|Any CPU.Build.0 = Release|Any CPU
		{38BB3530-0E02-4EA8-A068-7E00E686DD9C}.Debug|Any CPU.ActiveCfg = Debug|Any CPU
		{38BB3530-0E02-4EA8-A068-7E00E686DD9C}.Debug|Any CPU.Build.0 = Debug|Any CPU
		{38BB3530-0E02-4EA8-A068-7E00E686DD9C}.Release|Any CPU.ActiveCfg = Release|Any CPU
		{38BB3530-0E02-4EA8-A068-7E00E686DD9C}.Release|Any CPU.Build.0 = Release|Any CPU
	EndGlobalSection
	GlobalSection(SolutionProperties) = preSolution
		HideSolutionNode = FALSE
	EndGlobalSection
	GlobalSection(ExtensibilityGlobals) = postSolution
		SolutionGuid = {749D4A90-C72A-4BEE-B50F-CD98DF831183}
	EndGlobalSection
EndGlobal
